
Microsoft Visual Studio Solution File, Format Version 12.00
# Visual Studio 2012
Project("{8BC9CEB8-8B4A-11D0-8D11-00A0C91BC942}") = "Proc", "Proc\Proc.vcxproj", "{A37AB376-B832-468E-8676-3A7E0281CDB8}"
EndProject
Project("{8BC9CEB8-8B4A-11D0-8D11-00A0C91BC942}") = "Proc Package", "Proc Package\Proc Package.vcxproj", "{D389D2FB-9D57-4452-8248-038F9C40299D}"
	ProjectSection(ProjectDependencies) = postProject
		{A37AB376-B832-468E-8676-3A7E0281CDB8} = {A37AB376-B832-468E-8676-3A7E0281CDB8}
	EndProjectSection
EndProject
Global
	GlobalSection(SolutionConfigurationPlatforms) = preSolution
		Vista Debug|Win32 = Vista Debug|Win32
		Vista Debug|x64 = Vista Debug|x64
		Vista Release|Win32 = Vista Release|Win32
		Vista Release|x64 = Vista Release|x64
		Win7 Debug|Win32 = Win7 Debug|Win32
		Win7 Debug|x64 = Win7 Debug|x64
		Win7 Release|Win32 = Win7 Release|Win32
		Win7 Release|x64 = Win7 Release|x64
		Win8 Debug|Win32 = Win8 Debug|Win32
		Win8 Debug|x64 = Win8 Debug|x64
		Win8 Release|Win32 = Win8 Release|Win32
		Win8 Release|x64 = Win8 Release|x64
	EndGlobalSection
	GlobalSection(ProjectConfigurationPlatforms) = postSolution
		{A37AB376-B832-468E-8676-3A7E0281CDB8}.Vista Debug|Win32.ActiveCfg = Vista Debug|Win32
		{A37AB376-B832-468E-8676-3A7E0281CDB8}.Vista Debug|Win32.Build.0 = Vista Debug|Win32
		{A37AB376-B832-468E-8676-3A7E0281CDB8}.Vista Debug|Win32.Deploy.0 = Vista Debug|Win32
		{A37AB376-B832-468E-8676-3A7E0281CDB8}.Vista Debug|x64.ActiveCfg = Vista Debug|x64
		{A37AB376-B832-468E-8676-3A7E0281CDB8}.Vista Debug|x64.Build.0 = Vista Debug|x64
		{A37AB376-B832-468E-8676-3A7E0281CDB8}.Vista Debug|x64.Deploy.0 = Vista Debug|x64
		{A37AB376-B832-468E-8676-3A7E0281CDB8}.Vista Release|Win32.ActiveCfg = Vista Release|Win32
		{A37AB376-B832-468E-8676-3A7E0281CDB8}.Vista Release|Win32.Build.0 = Vista Release|Win32
		{A37AB376-B832-468E-8676-3A7E0281CDB8}.Vista Release|Win32.Deploy.0 = Vista Release|Win32
		{A37AB376-B832-468E-8676-3A7E0281CDB8}.Vista Release|x64.ActiveCfg = Vista Release|x64
		{A37AB376-B832-468E-8676-3A7E0281CDB8}.Vista Release|x64.Build.0 = Vista Release|x64
		{A37AB376-B832-468E-8676-3A7E0281CDB8}.Vista Release|x64.Deploy.0 = Vista Release|x64
		{A37AB376-B832-468E-8676-3A7E0281CDB8}.Win7 Debug|Win32.ActiveCfg = Win7 Debug|Win32
		{A37AB376-B832-468E-8676-3A7E0281CDB8}.Win7 Debug|Win32.Build.0 = Win7 Debug|Win32
		{A37AB376-B832-468E-8676-3A7E0281CDB8}.Win7 Debug|Win32.Deploy.0 = Win7 Debug|Win32
		{A37AB376-B832-468E-8676-3A7E0281CDB8}.Win7 Debug|x64.ActiveCfg = Win7 Debug|x64
		{A37AB376-B832-468E-8676-3A7E0281CDB8}.Win7 Debug|x64.Build.0 = Win7 Debug|x64
		{A37AB376-B832-468E-8676-3A7E0281CDB8}.Win7 Debug|x64.Deploy.0 = Win7 Debug|x64
		{A37AB376-B832-468E-8676-3A7E0281CDB8}.Win7 Release|Win32.ActiveCfg = Win7 Release|Win32
		{A37AB376-B832-468E-8676-3A7E0281CDB8}.Win7 Release|Win32.Build.0 = Win7 Release|Win32
		{A37AB376-B832-468E-8676-3A7E0281CDB8}.Win7 Release|Win32.Deploy.0 = Win7 Release|Win32
		{A37AB376-B832-468E-8676-3A7E0281CDB8}.Win7 Release|x64.ActiveCfg = Win7 Release|x64
		{A37AB376-B832-468E-8676-3A7E0281CDB8}.Win7 Release|x64.Build.0 = Win7 Release|x64
		{A37AB376-B832-468E-8676-3A7E0281CDB8}.Win7 Release|x64.Deploy.0 = Win7 Release|x64
		{A37AB376-B832-468E-8676-3A7E0281CDB8}.Win8 Debug|Win32.ActiveCfg = Win8 Debug|Win32
		{A37AB376-B832-468E-8676-3A7E0281CDB8}.Win8 Debug|Win32.Build.0 = Win8 Debug|Win32
		{A37AB376-B832-468E-8676-3A7E0281CDB8}.Win8 Debug|Win32.Deploy.0 = Win8 Debug|Win32
		{A37AB376-B832-468E-8676-3A7E0281CDB8}.Win8 Debug|x64.ActiveCfg = Win8 Debug|x64
		{A37AB376-B832-468E-8676-3A7E0281CDB8}.Win8 Debug|x64.Build.0 = Win8 Debug|x64
		{A37AB376-B832-468E-8676-3A7E0281CDB8}.Win8 Debug|x64.Deploy.0 = Win8 Debug|x64
		{A37AB376-B832-468E-8676-3A7E0281CDB8}.Win8 Release|Win32.ActiveCfg = Win8 Release|Win32
		{A37AB376-B832-468E-8676-3A7E0281CDB8}.Win8 Release|Win32.Build.0 = Win8 Release|Win32
		{A37AB376-B832-468E-8676-3A7E0281CDB8}.Win8 Release|Win32.Deploy.0 = Win8 Release|Win32
		{A37AB376-B832-468E-8676-3A7E0281CDB8}.Win8 Release|x64.ActiveCfg = Win8 Release|x64
		{A37AB376-B832-468E-8676-3A7E0281CDB8}.Win8 Release|x64.Build.0 = Win8 Release|x64
		{A37AB376-B832-468E-8676-3A7E0281CDB8}.Win8 Release|x64.Deploy.0 = Win8 Release|x64
		{D389D2FB-9D57-4452-8248-038F9C40299D}.Vista Debug|Win32.ActiveCfg = Vista Debug|Win32
		{D389D2FB-9D57-4452-8248-038F9C40299D}.Vista Debug|Win32.Build.0 = Vista Debug|Win32
		{D389D2FB-9D57-4452-8248-038F9C40299D}.Vista Debug|Win32.Deploy.0 = Vista Debug|Win32
		{D389D2FB-9D57-4452-8248-038F9C40299D}.Vista Debug|x64.ActiveCfg = Vista Debug|x64
		{D389D2FB-9D57-4452-8248-038F9C40299D}.Vista Debug|x64.Build.0 = Vista Debug|x64
		{D389D2FB-9D57-4452-8248-038F9C40299D}.Vista Debug|x64.Deploy.0 = Vista Debug|x64
		{D389D2FB-9D57-4452-8248-038F9C40299D}.Vista Release|Win32.ActiveCfg = Vista Release|Win32
		{D389D2FB-9D57-4452-8248-038F9C40299D}.Vista Release|Win32.Build.0 = Vista Release|Win32
		{D389D2FB-9D57-4452-8248-038F9C40299D}.Vista Release|Win32.Deploy.0 = Vista Release|Win32
		{D389D2FB-9D57-4452-8248-038F9C40299D}.Vista Release|x64.ActiveCfg = Vista Release|x64
		{D389D2FB-9D57-4452-8248-038F9C40299D}.Vista Release|x64.Build.0 = Vista Release|x64
		{D389D2FB-9D57-4452-8248-038F9C40299D}.Vista Release|x64.Deploy.0 = Vista Release|x64
		{D389D2FB-9D57-4452-8248-038F9C40299D}.Win7 Debug|Win32.ActiveCfg = Win7 Debug|Win32
		{D389D2FB-9D57-4452-8248-038F9C40299D}.Win7 Debug|Win32.Build.0 = Win7 Debug|Win32
		{D389D2FB-9D57-4452-8248-038F9C40299D}.Win7 Debug|Win32.Deploy.0 = Win7 Debug|Win32
		{D389D2FB-9D57-4452-8248-038F9C40299D}.Win7 Debug|x64.ActiveCfg = Win7 Debug|x64
		{D389D2FB-9D57-4452-8248-038F9C40299D}.Win7 Debug|x64.Build.0 = Win7 Debug|x64
		{D389D2FB-9D57-4452-8248-038F9C40299D}.Win7 Debug|x64.Deploy.0 = Win7 Debug|x64
		{D389D2FB-9D57-4452-8248-038F9C40299D}.Win7 Release|Win32.ActiveCfg = Win7 Release|Win32
		{D389D2FB-9D57-4452-8248-038F9C40299D}.Win7 Release|Win32.Build.0 = Win7 Release|Win32
		{D389D2FB-9D57-4452-8248-038F9C40299D}.Win7 Release|Win32.Deploy.0 = Win7 Release|Win32
		{D389D2FB-9D57-4452-8248-038F9C40299D}.Win7 Release|x64.ActiveCfg = Win7 Release|x64
		{D389D2FB-9D57-4452-8248-038F9C40299D}.Win7 Release|x64.Build.0 = Win7 Release|x64
		{D389D2FB-9D57-4452-8248-038F9C40299D}.Win7 Release|x64.Deploy.0 = Win7 Release|x64
		{D389D2FB-9D57-4452-8248-038F9C40299D}.Win8 Debug|Win32.ActiveCfg = Win8 Debug|Win32
		{D389D2FB-9D57-4452-8248-038F9C40299D}.Win8 Debug|Win32.Build.0 = Win8 Debug|Win32
		{D389D2FB-9D57-4452-8248-038F9C40299D}.Win8 Debug|Win32.Deploy.0 = Win8 Debug|Win32
		{D389D2FB-9D57-4452-8248-038F9C40299D}.Win8 Debug|x64.ActiveCfg = Win8 Debug|x64
		{D389D2FB-9D57-4452-8248-038F9C40299D}.Win8 Debug|x64.Build.0 = Win8 Debug|x64
		{D389D2FB-9D57-4452-8248-038F9C40299D}.Win8 Debug|x64.Deploy.0 = Win8 Debug|x64
		{D389D2FB-9D57-4452-8248-038F9C40299D}.Win8 Release|Win32.ActiveCfg = Win8 Release|Win32
		{D389D2FB-9D57-4452-8248-038F9C40299D}.Win8 Release|Win32.Build.0 = Win8 Release|Win32
		{D389D2FB-9D57-4452-8248-038F9C40299D}.Win8 Release|Win32.Deploy.0 = Win8 Release|Win32
		{D389D2FB-9D57-4452-8248-038F9C40299D}.Win8 Release|x64.ActiveCfg = Win8 Release|x64
		{D389D2FB-9D57-4452-8248-038F9C40299D}.Win8 Release|x64.Build.0 = Win8 Release|x64
		{D389D2FB-9D57-4452-8248-038F9C40299D}.Win8 Release|x64.Deploy.0 = Win8 Release|x64
	EndGlobalSection
	GlobalSection(SolutionProperties) = preSolution
		HideSolutionNode = FALSE
	EndGlobalSection
EndGlobal
